
Microsoft Visual Studio Solution File, Format Version 12.00
# Visual Studio 15
VisualStudioVersion = 15.0.28307.271
MinimumVisualStudioVersion = 10.0.40219.1
Project("{FAE04EC0-301F-11D3-BF4B-00C04F79EFBC}") = "ConsoleApp", "BecaDotNet2019.JVBB83.Apps.Console\ConsoleApp\ConsoleApp.csproj", "{61B45341-A8BF-4BFE-AEB6-89679B1739CD}"
EndProject
Global
	GlobalSection(SolutionConfigurationPlatforms) = preSolution
		Debug|Any CPU = Debug|Any CPU
		Release|Any CPU = Release|Any CPU
	EndGlobalSection
	GlobalSection(ProjectConfigurationPlatforms) = postSolution
		{61B45341-A8BF-4BFE-AEB6-89679B1739CD}.Debug|Any CPU.ActiveCfg = Debug|Any CPU
		{61B45341-A8BF-4BFE-AEB6-89679B1739CD}.Debug|Any CPU.Build.0 = Debug|Any CPU
		{61B45341-A8BF-4BFE-AEB6-89679B1739CD}.Release|Any CPU.ActiveCfg = Release|Any CPU
		{61B45341-A8BF-4BFE-AEB6-89679B1739CD}.Release|Any CPU.Build.0 = Release|Any CPU
	EndGlobalSection
	GlobalSection(SolutionProperties) = preSolution
		HideSolutionNode = FALSE
	EndGlobalSection
	GlobalSection(ExtensibilityGlobals) = postSolution
		SolutionGuid = {C0709BA3-39CA-4B3E-A19B-3CDA3E02EB8D}
	EndGlobalSection
EndGlobal
